
Microsoft Visual Studio Solution File, Format Version 12.00
# Visual Studio Version 17
VisualStudioVersion = 17.3.32922.545
MinimumVisualStudioVersion = 10.0.40219.1
Project("{FAE04EC0-301F-11D3-BF4B-00C04F79EFBC}") = "CinemaHalls.Api", "CinemaHalls.Api\CinemaHalls.Api.csproj", "{2A453AFB-C227-4615-A7D4-70721323C42C}"
EndProject
Global
	GlobalSection(SolutionConfigurationPlatforms) = preSolution
		Debug|Any CPU = Debug|Any CPU
		Release|Any CPU = Release|Any CPU
	EndGlobalSection
	GlobalSection(ProjectConfigurationPlatforms) = postSolution
		{2A453AFB-C227-4615-A7D4-70721323C42C}.Debug|Any CPU.ActiveCfg = Debug|Any CPU
		{2A453AFB-C227-4615-A7D4-70721323C42C}.Debug|Any CPU.Build.0 = Debug|Any CPU
		{2A453AFB-C227-4615-A7D4-70721323C42C}.Release|Any CPU.ActiveCfg = Release|Any CPU
		{2A453AFB-C227-4615-A7D4-70721323C42C}.Release|Any CPU.Build.0 = Release|Any CPU
	EndGlobalSection
	GlobalSection(SolutionProperties) = preSolution
		HideSolutionNode = FALSE
	EndGlobalSection
	GlobalSection(ExtensibilityGlobals) = postSolution
		SolutionGuid = {DF58C519-5E19-4B87-B997-511AED16A80B}
	EndGlobalSection
EndGlobal
